
Microsoft Visual Studio Solution File, Format Version 12.00
# Visual Studio Version 17
VisualStudioVersion = 17.8.34408.163
MinimumVisualStudioVersion = 10.0.40219.1
Project("{FAE04EC0-301F-11D3-BF4B-00C04F79EFBC}") = "Resturant_Api", "Resturant_Api\Resturant_Api.csproj", "{48F84AD2-1CAF-4B3D-A841-18A8805CE414}"
EndProject
Project("{FAE04EC0-301F-11D3-BF4B-00C04F79EFBC}") = "Resturant_Api_Core", "Resturant_Api_Core\Resturant_Api_Core.csproj", "{0E616D4B-396D-4D0E-99D6-8B4C0C0C6618}"
EndProject
Project("{FAE04EC0-301F-11D3-BF4B-00C04F79EFBC}") = "Resturant_Api_Reposatry", "Resturant_Api_Reposatry\Resturant_Api_Reposatry.csproj", "{B770DBDB-C260-4E20-B027-522FFD742532}"
EndProject
Project("{FAE04EC0-301F-11D3-BF4B-00C04F79EFBC}") = "Resturant_Api_Services", "Resturant_Api_Services\Resturant_Api_Services.csproj", "{DF274B65-BC02-4968-BDF9-2CE3CC036ED7}"
EndProject
Global
	GlobalSection(SolutionConfigurationPlatforms) = preSolution
		Debug|Any CPU = Debug|Any CPU
		Release|Any CPU = Release|Any CPU
	EndGlobalSection
	GlobalSection(ProjectConfigurationPlatforms) = postSolution
		{48F84AD2-1CAF-4B3D-A841-18A8805CE414}.Debug|Any CPU.ActiveCfg = Debug|Any CPU
		{48F84AD2-1CAF-4B3D-A841-18A8805CE414}.Debug|Any CPU.Build.0 = Debug|Any CPU
		{48F84AD2-1CAF-4B3D-A841-18A8805CE414}.Release|Any CPU.ActiveCfg = Release|Any CPU
		{48F84AD2-1CAF-4B3D-A841-18A8805CE414}.Release|Any CPU.Build.0 = Release|Any CPU
		{0E616D4B-396D-4D0E-99D6-8B4C0C0C6618}.Debug|Any CPU.ActiveCfg = Debug|Any CPU
		{0E616D4B-396D-4D0E-99D6-8B4C0C0C6618}.Debug|Any CPU.Build.0 = Debug|Any CPU
		{0E616D4B-396D-4D0E-99D6-8B4C0C0C6618}.Release|Any CPU.ActiveCfg = Release|Any CPU
		{0E616D4B-396D-4D0E-99D6-8B4C0C0C6618}.Release|Any CPU.Build.0 = Release|Any CPU
		{B770DBDB-C260-4E20-B027-522FFD742532}.Debug|Any CPU.ActiveCfg = Debug|Any CPU
		{B770DBDB-C260-4E20-B027-522FFD742532}.Debug|Any CPU.Build.0 = Debug|Any CPU
		{B770DBDB-C260-4E20-B027-522FFD742532}.Release|Any CPU.ActiveCfg = Release|Any CPU
		{B770DBDB-C260-4E20-B027-522FFD742532}.Release|Any CPU.Build.0 = Release|Any CPU
		{DF274B65-BC02-4968-BDF9-2CE3CC036ED7}.Debug|Any CPU.ActiveCfg = Debug|Any CPU
		{DF274B65-BC02-4968-BDF9-2CE3CC036ED7}.Debug|Any CPU.Build.0 = Debug|Any CPU
		{DF274B65-BC02-4968-BDF9-2CE3CC036ED7}.Release|Any CPU.ActiveCfg = Release|Any CPU
		{DF274B65-BC02-4968-BDF9-2CE3CC036ED7}.Release|Any CPU.Build.0 = Release|Any CPU
	EndGlobalSection
	GlobalSection(SolutionProperties) = preSolution
		HideSolutionNode = FALSE
	EndGlobalSection
	GlobalSection(ExtensibilityGlobals) = postSolution
		SolutionGuid = {3E7B1556-F7AD-4682-92E3-CB9321980B62}
	EndGlobalSection
EndGlobal
